// !$*UTF8*$!
{
	archiveVersion = 1;
	classes = {
	};
	objectVersion = 56;
	objects = {

/* Begin PBXBuildFile section */
		B776F6E62A68D87B002E8363 /* AppDelegate.swift in Sources */ = {isa = PBXBuildFile; fileRef = B776F6E52A68D87B002E8363 /* AppDelegate.swift */; };
		B776F6E82A68D87B002E8363 /* SceneDelegate.swift in Sources */ = {isa = PBXBuildFile; fileRef = B776F6E72A68D87B002E8363 /* SceneDelegate.swift */; };
		B776F6EA2A68D87B002E8363 /* ViewController.swift in Sources */ = {isa = PBXBuildFile; fileRef = B776F6E92A68D87B002E8363 /* ViewController.swift */; };
		B776F6ED2A68D87B002E8363 /* Main.storyboard in Resources */ = {isa = PBXBuildFile; fileRef = B776F6EB2A68D87B002E8363 /* Main.storyboard */; };
		B776F6EF2A68D87C002E8363 /* Assets.xcassets in Resources */ = {isa = PBXBuildFile; fileRef = B776F6EE2A68D87C002E8363 /* Assets.xcassets */; };
		B776F6F22A68D87C002E8363 /* LaunchScreen.storyboard in Resources */ = {isa = PBXBuildFile; fileRef = B776F6F02A68D87C002E8363 /* LaunchScreen.storyboard */; };
		B776F6FD2A68D87C002E8363 /* McKinleyRiceTests.swift in Sources */ = {isa = PBXBuildFile; fileRef = B776F6FC2A68D87C002E8363 /* McKinleyRiceTests.swift */; };
		B776F7072A68D87C002E8363 /* McKinleyRiceUITests.swift in Sources */ = {isa = PBXBuildFile; fileRef = B776F7062A68D87C002E8363 /* McKinleyRiceUITests.swift */; };
		B776F7092A68D87C002E8363 /* McKinleyRiceUITestsLaunchTests.swift in Sources */ = {isa = PBXBuildFile; fileRef = B776F7082A68D87C002E8363 /* McKinleyRiceUITestsLaunchTests.swift */; };
		B776F7182A68D9A2002E8363 /* LoginViewController.swift in Sources */ = {isa = PBXBuildFile; fileRef = B776F7172A68D9A2002E8363 /* LoginViewController.swift */; };
		B776F71A2A68DA23002E8363 /* LoginInteractor.swift in Sources */ = {isa = PBXBuildFile; fileRef = B776F7192A68DA23002E8363 /* LoginInteractor.swift */; };
		B776F71C2A68DA71002E8363 /* LoginPresenter.swift in Sources */ = {isa = PBXBuildFile; fileRef = B776F71B2A68DA71002E8363 /* LoginPresenter.swift */; };
		B776F71E2A68DAB5002E8363 /* LoginModels.swift in Sources */ = {isa = PBXBuildFile; fileRef = B776F71D2A68DAB5002E8363 /* LoginModels.swift */; };
		B776F7202A68DACD002E8363 /* LoginRouter.swift in Sources */ = {isa = PBXBuildFile; fileRef = B776F71F2A68DACD002E8363 /* LoginRouter.swift */; };
		B776F7262A68E2BD002E8363 /* NetworkManager.swift in Sources */ = {isa = PBXBuildFile; fileRef = B776F7252A68E2BD002E8363 /* NetworkManager.swift */; };
		B776F7282A68E31F002E8363 /* APIManager.swift in Sources */ = {isa = PBXBuildFile; fileRef = B776F7272A68E31F002E8363 /* APIManager.swift */; };
		B776F72F2A68E860002E8363 /* UIViewController+McKinleyRiceAlert.swift in Sources */ = {isa = PBXBuildFile; fileRef = B776F72E2A68E860002E8363 /* UIViewController+McKinleyRiceAlert.swift */; };
		B776F7322A68EB5F002E8363 /* RegisterViewController.swift in Sources */ = {isa = PBXBuildFile; fileRef = B776F7312A68EB5F002E8363 /* RegisterViewController.swift */; };
		B776F7342A68EBA7002E8363 /* RegisterInteractor.swift in Sources */ = {isa = PBXBuildFile; fileRef = B776F7332A68EBA7002E8363 /* RegisterInteractor.swift */; };
		B776F7362A68EBB3002E8363 /* RegisterPresenter.swift in Sources */ = {isa = PBXBuildFile; fileRef = B776F7352A68EBB3002E8363 /* RegisterPresenter.swift */; };
		B776F7382A68EBBB002E8363 /* RegisterRouter.swift in Sources */ = {isa = PBXBuildFile; fileRef = B776F7372A68EBBB002E8363 /* RegisterRouter.swift */; };
		B776F73A2A68EBC4002E8363 /* RegisterModels.swift in Sources */ = {isa = PBXBuildFile; fileRef = B776F7392A68EBC4002E8363 /* RegisterModels.swift */; };
		B776F73D2A68F7E8002E8363 /* ContactListViewController.swift in Sources */ = {isa = PBXBuildFile; fileRef = B776F73C2A68F7E8002E8363 /* ContactListViewController.swift */; };
		B776F7412A68F849002E8363 /* ContactListCellTableViewCell.swift in Sources */ = {isa = PBXBuildFile; fileRef = B776F73F2A68F849002E8363 /* ContactListCellTableViewCell.swift */; };
		B776F7422A68F849002E8363 /* ContactListCellTableViewCell.xib in Resources */ = {isa = PBXBuildFile; fileRef = B776F7402A68F849002E8363 /* ContactListCellTableViewCell.xib */; };
		B776F7442A68F8A6002E8363 /* ContactListInteractor.swift in Sources */ = {isa = PBXBuildFile; fileRef = B776F7432A68F8A6002E8363 /* ContactListInteractor.swift */; };
		B776F7462A68F8DF002E8363 /* ContactListPresenter.swift in Sources */ = {isa = PBXBuildFile; fileRef = B776F7452A68F8DF002E8363 /* ContactListPresenter.swift */; };
		B776F7482A68F8EE002E8363 /* ContactListModels.swift in Sources */ = {isa = PBXBuildFile; fileRef = B776F7472A68F8EE002E8363 /* ContactListModels.swift */; };
		B776F74A2A68F8FE002E8363 /* ContactListRouter.swift in Sources */ = {isa = PBXBuildFile; fileRef = B776F7492A68F8FE002E8363 /* ContactListRouter.swift */; };
		B776F74C2A68FBA8002E8363 /* ImageCache.swift in Sources */ = {isa = PBXBuildFile; fileRef = B776F74B2A68FBA8002E8363 /* ImageCache.swift */; };
		B776F7502A6905DF002E8363 /* AppConstant.swift in Sources */ = {isa = PBXBuildFile; fileRef = B776F74F2A6905DF002E8363 /* AppConstant.swift */; };
		B776F7522A6906D1002E8363 /* ValidationManager.swift in Sources */ = {isa = PBXBuildFile; fileRef = B776F7512A6906D1002E8363 /* ValidationManager.swift */; };
		B78761BE2A6DADBC00C0681C /* LoginInteractorTests.swift in Sources */ = {isa = PBXBuildFile; fileRef = B78761BD2A6DADBC00C0681C /* LoginInteractorTests.swift */; };
		B78761C02A6DB86C00C0681C /* RegisterInteractorTests.swift in Sources */ = {isa = PBXBuildFile; fileRef = B78761BF2A6DB86C00C0681C /* RegisterInteractorTests.swift */; };
		B78761C22A6DBCC200C0681C /* ContactListInteractorTests.swift in Sources */ = {isa = PBXBuildFile; fileRef = B78761C12A6DBCC200C0681C /* ContactListInteractorTests.swift */; };
		B78761C52A6DBF6700C0681C /* MckinleyRiceMockData.swift in Sources */ = {isa = PBXBuildFile; fileRef = B78761C42A6DBF6700C0681C /* MckinleyRiceMockData.swift */; };
/* End PBXBuildFile section */

/* Begin PBXContainerItemProxy section */
		B776F6F92A68D87C002E8363 /* PBXContainerItemProxy */ = {
			isa = PBXContainerItemProxy;
			containerPortal = B776F6DA2A68D87B002E8363 /* Project object */;
			proxyType = 1;
			remoteGlobalIDString = B776F6E12A68D87B002E8363;
			remoteInfo = McKinleyRice;
		};
		B776F7032A68D87C002E8363 /* PBXContainerItemProxy */ = {
			isa = PBXContainerItemProxy;
			containerPortal = B776F6DA2A68D87B002E8363 /* Project object */;
			proxyType = 1;
			remoteGlobalIDString = B776F6E12A68D87B002E8363;
			remoteInfo = McKinleyRice;
		};
/* End PBXContainerItemProxy section */

/* Begin PBXFileReference section */
		B776F6E22A68D87B002E8363 /* McKinleyRice.app */ = {isa = PBXFileReference; explicitFileType = wrapper.application; includeInIndex = 0; path = McKinleyRice.app; sourceTree = BUILT_PRODUCTS_DIR; };
		B776F6E52A68D87B002E8363 /* AppDelegate.swift */ = {isa = PBXFileReference; lastKnownFileType = sourcecode.swift; path = AppDelegate.swift; sourceTree = "<group>"; };
		B776F6E72A68D87B002E8363 /* SceneDelegate.swift */ = {isa = PBXFileReference; lastKnownFileType = sourcecode.swift; path = SceneDelegate.swift; sourceTree = "<group>"; };
		B776F6E92A68D87B002E8363 /* ViewController.swift */ = {isa = PBXFileReference; lastKnownFileType = sourcecode.swift; path = ViewController.swift; sourceTree = "<group>"; };
		B776F6EC2A68D87B002E8363 /* Base */ = {isa = PBXFileReference; lastKnownFileType = file.storyboard; name = Base; path = Base.lproj/Main.storyboard; sourceTree = "<group>"; };
		B776F6EE2A68D87C002E8363 /* Assets.xcassets */ = {isa = PBXFileReference; lastKnownFileType = folder.assetcatalog; path = Assets.xcassets; sourceTree = "<group>"; };
		B776F6F12A68D87C002E8363 /* Base */ = {isa = PBXFileReference; lastKnownFileType = file.storyboard; name = Base; path = Base.lproj/LaunchScreen.storyboard; sourceTree = "<group>"; };
		B776F6F32A68D87C002E8363 /* Info.plist */ = {isa = PBXFileReference; lastKnownFileType = text.plist.xml; path = Info.plist; sourceTree = "<group>"; };
		B776F6F82A68D87C002E8363 /* McKinleyRiceTests.xctest */ = {isa = PBXFileReference; explicitFileType = wrapper.cfbundle; includeInIndex = 0; path = McKinleyRiceTests.xctest; sourceTree = BUILT_PRODUCTS_DIR; };
		B776F6FC2A68D87C002E8363 /* McKinleyRiceTests.swift */ = {isa = PBXFileReference; lastKnownFileType = sourcecode.swift; path = McKinleyRiceTests.swift; sourceTree = "<group>"; };
		B776F7022A68D87C002E8363 /* McKinleyRiceUITests.xctest */ = {isa = PBXFileReference; explicitFileType = wrapper.cfbundle; includeInIndex = 0; path = McKinleyRiceUITests.xctest; sourceTree = BUILT_PRODUCTS_DIR; };
		B776F7062A68D87C002E8363 /* McKinleyRiceUITests.swift */ = {isa = PBXFileReference; lastKnownFileType = sourcecode.swift; path = McKinleyRiceUITests.swift; sourceTree = "<group>"; };
		B776F7082A68D87C002E8363 /* McKinleyRiceUITestsLaunchTests.swift */ = {isa = PBXFileReference; lastKnownFileType = sourcecode.swift; path = McKinleyRiceUITestsLaunchTests.swift; sourceTree = "<group>"; };
		B776F7172A68D9A2002E8363 /* LoginViewController.swift */ = {isa = PBXFileReference; lastKnownFileType = sourcecode.swift; path = LoginViewController.swift; sourceTree = "<group>"; };
		B776F7192A68DA23002E8363 /* LoginInteractor.swift */ = {isa = PBXFileReference; lastKnownFileType = sourcecode.swift; path = LoginInteractor.swift; sourceTree = "<group>"; };
		B776F71B2A68DA71002E8363 /* LoginPresenter.swift */ = {isa = PBXFileReference; lastKnownFileType = sourcecode.swift; path = LoginPresenter.swift; sourceTree = "<group>"; };
		B776F71D2A68DAB5002E8363 /* LoginModels.swift */ = {isa = PBXFileReference; lastKnownFileType = sourcecode.swift; path = LoginModels.swift; sourceTree = "<group>"; };
		B776F71F2A68DACD002E8363 /* LoginRouter.swift */ = {isa = PBXFileReference; lastKnownFileType = sourcecode.swift; path = LoginRouter.swift; sourceTree = "<group>"; };
		B776F7252A68E2BD002E8363 /* NetworkManager.swift */ = {isa = PBXFileReference; lastKnownFileType = sourcecode.swift; path = NetworkManager.swift; sourceTree = "<group>"; };
		B776F7272A68E31F002E8363 /* APIManager.swift */ = {isa = PBXFileReference; lastKnownFileType = sourcecode.swift; path = APIManager.swift; sourceTree = "<group>"; };
		B776F72E2A68E860002E8363 /* UIViewController+McKinleyRiceAlert.swift */ = {isa = PBXFileReference; lastKnownFileType = sourcecode.swift; path = "UIViewController+McKinleyRiceAlert.swift"; sourceTree = "<group>"; };
		B776F7312A68EB5F002E8363 /* RegisterViewController.swift */ = {isa = PBXFileReference; lastKnownFileType = sourcecode.swift; path = RegisterViewController.swift; sourceTree = "<group>"; };
		B776F7332A68EBA7002E8363 /* RegisterInteractor.swift */ = {isa = PBXFileReference; lastKnownFileType = sourcecode.swift; path = RegisterInteractor.swift; sourceTree = "<group>"; };
		B776F7352A68EBB3002E8363 /* RegisterPresenter.swift */ = {isa = PBXFileReference; lastKnownFileType = sourcecode.swift; path = RegisterPresenter.swift; sourceTree = "<group>"; };
		B776F7372A68EBBB002E8363 /* RegisterRouter.swift */ = {isa = PBXFileReference; lastKnownFileType = sourcecode.swift; path = RegisterRouter.swift; sourceTree = "<group>"; };
		B776F7392A68EBC4002E8363 /* RegisterModels.swift */ = {isa = PBXFileReference; lastKnownFileType = sourcecode.swift; path = RegisterModels.swift; sourceTree = "<group>"; };
		B776F73C2A68F7E8002E8363 /* ContactListViewController.swift */ = {isa = PBXFileReference; lastKnownFileType = sourcecode.swift; path = ContactListViewController.swift; sourceTree = "<group>"; };
		B776F73F2A68F849002E8363 /* ContactListCellTableViewCell.swift */ = {isa = PBXFileReference; lastKnownFileType = sourcecode.swift; path = ContactListCellTableViewCell.swift; sourceTree = "<group>"; };
		B776F7402A68F849002E8363 /* ContactListCellTableViewCell.xib */ = {isa = PBXFileReference; lastKnownFileType = file.xib; path = ContactListCellTableViewCell.xib; sourceTree = "<group>"; };
		B776F7432A68F8A6002E8363 /* ContactListInteractor.swift */ = {isa = PBXFileReference; lastKnownFileType = sourcecode.swift; path = ContactListInteractor.swift; sourceTree = "<group>"; };
		B776F7452A68F8DF002E8363 /* ContactListPresenter.swift */ = {isa = PBXFileReference; lastKnownFileType = sourcecode.swift; path = ContactListPresenter.swift; sourceTree = "<group>"; };
		B776F7472A68F8EE002E8363 /* ContactListModels.swift */ = {isa = PBXFileReference; lastKnownFileType = sourcecode.swift; path = ContactListModels.swift; sourceTree = "<group>"; };
		B776F7492A68F8FE002E8363 /* ContactListRouter.swift */ = {isa = PBXFileReference; lastKnownFileType = sourcecode.swift; path = ContactListRouter.swift; sourceTree = "<group>"; };
		B776F74B2A68FBA8002E8363 /* ImageCache.swift */ = {isa = PBXFileReference; lastKnownFileType = sourcecode.swift; path = ImageCache.swift; sourceTree = "<group>"; };
		B776F74F2A6905DF002E8363 /* AppConstant.swift */ = {isa = PBXFileReference; lastKnownFileType = sourcecode.swift; path = AppConstant.swift; sourceTree = "<group>"; };
		B776F7512A6906D1002E8363 /* ValidationManager.swift */ = {isa = PBXFileReference; lastKnownFileType = sourcecode.swift; path = ValidationManager.swift; sourceTree = "<group>"; };
		B78761BD2A6DADBC00C0681C /* LoginInteractorTests.swift */ = {isa = PBXFileReference; lastKnownFileType = sourcecode.swift; path = LoginInteractorTests.swift; sourceTree = "<group>"; };
		B78761BF2A6DB86C00C0681C /* RegisterInteractorTests.swift */ = {isa = PBXFileReference; lastKnownFileType = sourcecode.swift; path = RegisterInteractorTests.swift; sourceTree = "<group>"; };
		B78761C12A6DBCC200C0681C /* ContactListInteractorTests.swift */ = {isa = PBXFileReference; lastKnownFileType = sourcecode.swift; path = ContactListInteractorTests.swift; sourceTree = "<group>"; };
		B78761C42A6DBF6700C0681C /* MckinleyRiceMockData.swift */ = {isa = PBXFileReference; lastKnownFileType = sourcecode.swift; path = MckinleyRiceMockData.swift; sourceTree = "<group>"; };
/* End PBXFileReference section */

/* Begin PBXFrameworksBuildPhase section */
		B776F6DF2A68D87B002E8363 /* Frameworks */ = {
			isa = PBXFrameworksBuildPhase;
			buildActionMask = 2147483647;
			files = (
			);
			runOnlyForDeploymentPostprocessing = 0;
		};
		B776F6F52A68D87C002E8363 /* Frameworks */ = {
			isa = PBXFrameworksBuildPhase;
			buildActionMask = 2147483647;
			files = (
			);
			runOnlyForDeploymentPostprocessing = 0;
		};
		B776F6FF2A68D87C002E8363 /* Frameworks */ = {
			isa = PBXFrameworksBuildPhase;
			buildActionMask = 2147483647;
			files = (
			);
			runOnlyForDeploymentPostprocessing = 0;
		};
/* End PBXFrameworksBuildPhase section */

/* Begin PBXGroup section */
		B776F6D92A68D87B002E8363 = {
			isa = PBXGroup;
			children = (
				B776F6E42A68D87B002E8363 /* McKinleyRice */,
				B776F6FB2A68D87C002E8363 /* McKinleyRiceTests */,
				B776F7052A68D87C002E8363 /* McKinleyRiceUITests */,
				B776F6E32A68D87B002E8363 /* Products */,
			);
			sourceTree = "<group>";
		};
		B776F6E32A68D87B002E8363 /* Products */ = {
			isa = PBXGroup;
			children = (
				B776F6E22A68D87B002E8363 /* McKinleyRice.app */,
				B776F6F82A68D87C002E8363 /* McKinleyRiceTests.xctest */,
				B776F7022A68D87C002E8363 /* McKinleyRiceUITests.xctest */,
			);
			name = Products;
			sourceTree = "<group>";
		};
		B776F6E42A68D87B002E8363 /* McKinleyRice */ = {
			isa = PBXGroup;
			children = (
				B776F72D2A68E851002E8363 /* Extentions */,
				B776F7242A68E295002E8363 /* Service */,
				B776F7212A68DEB8002E8363 /* Helper */,
				B776F7152A68D941002E8363 /* Scenes */,
				B776F6E52A68D87B002E8363 /* AppDelegate.swift */,
				B776F6E72A68D87B002E8363 /* SceneDelegate.swift */,
				B776F6E92A68D87B002E8363 /* ViewController.swift */,
				B776F6EB2A68D87B002E8363 /* Main.storyboard */,
				B776F6EE2A68D87C002E8363 /* Assets.xcassets */,
				B776F6F02A68D87C002E8363 /* LaunchScreen.storyboard */,
				B776F6F32A68D87C002E8363 /* Info.plist */,
			);
			path = McKinleyRice;
			sourceTree = "<group>";
		};
		B776F6FB2A68D87C002E8363 /* McKinleyRiceTests */ = {
			isa = PBXGroup;
			children = (
				B78761C32A6DBF1B00C0681C /* MockData */,
				B776F6FC2A68D87C002E8363 /* McKinleyRiceTests.swift */,
				B78761BD2A6DADBC00C0681C /* LoginInteractorTests.swift */,
				B78761BF2A6DB86C00C0681C /* RegisterInteractorTests.swift */,
				B78761C12A6DBCC200C0681C /* ContactListInteractorTests.swift */,
			);
			path = McKinleyRiceTests;
			sourceTree = "<group>";
		};
		B776F7052A68D87C002E8363 /* McKinleyRiceUITests */ = {
			isa = PBXGroup;
			children = (
				B776F7062A68D87C002E8363 /* McKinleyRiceUITests.swift */,
				B776F7082A68D87C002E8363 /* McKinleyRiceUITestsLaunchTests.swift */,
			);
			path = McKinleyRiceUITests;
			sourceTree = "<group>";
		};
		B776F7152A68D941002E8363 /* Scenes */ = {
			isa = PBXGroup;
			children = (
				B776F73B2A68F7C7002E8363 /* ContactList */,
				B776F7302A68EB4A002E8363 /* Register */,
				B776F7162A68D958002E8363 /* LoginScene */,
			);
			path = Scenes;
			sourceTree = "<group>";
		};
		B776F7162A68D958002E8363 /* LoginScene */ = {
			isa = PBXGroup;
			children = (
				B776F7172A68D9A2002E8363 /* LoginViewController.swift */,
				B776F7192A68DA23002E8363 /* LoginInteractor.swift */,
				B776F71B2A68DA71002E8363 /* LoginPresenter.swift */,
				B776F71D2A68DAB5002E8363 /* LoginModels.swift */,
				B776F71F2A68DACD002E8363 /* LoginRouter.swift */,
			);
			path = LoginScene;
			sourceTree = "<group>";
		};
		B776F7212A68DEB8002E8363 /* Helper */ = {
			isa = PBXGroup;
			children = (
				B776F74F2A6905DF002E8363 /* AppConstant.swift */,
				B776F7512A6906D1002E8363 /* ValidationManager.swift */,
			);
			path = Helper;
			sourceTree = "<group>";
		};
		B776F7242A68E295002E8363 /* Service */ = {
			isa = PBXGroup;
			children = (
				B776F7252A68E2BD002E8363 /* NetworkManager.swift */,
				B776F7272A68E31F002E8363 /* APIManager.swift */,
				B776F74B2A68FBA8002E8363 /* ImageCache.swift */,
			);
			path = Service;
			sourceTree = "<group>";
		};
		B776F72D2A68E851002E8363 /* Extentions */ = {
			isa = PBXGroup;
			children = (
				B776F72E2A68E860002E8363 /* UIViewController+McKinleyRiceAlert.swift */,
			);
			path = Extentions;
			sourceTree = "<group>";
		};
		B776F7302A68EB4A002E8363 /* Register */ = {
			isa = PBXGroup;
			children = (
				B776F7312A68EB5F002E8363 /* RegisterViewController.swift */,
				B776F7332A68EBA7002E8363 /* RegisterInteractor.swift */,
				B776F7352A68EBB3002E8363 /* RegisterPresenter.swift */,
				B776F7372A68EBBB002E8363 /* RegisterRouter.swift */,
				B776F7392A68EBC4002E8363 /* RegisterModels.swift */,
			);
			path = Register;
			sourceTree = "<group>";
		};
		B776F73B2A68F7C7002E8363 /* ContactList */ = {
			isa = PBXGroup;
			children = (
				B776F73E2A68F819002E8363 /* ContactListCell */,
				B776F73C2A68F7E8002E8363 /* ContactListViewController.swift */,
				B776F7432A68F8A6002E8363 /* ContactListInteractor.swift */,
				B776F7452A68F8DF002E8363 /* ContactListPresenter.swift */,
				B776F7472A68F8EE002E8363 /* ContactListModels.swift */,
				B776F7492A68F8FE002E8363 /* ContactListRouter.swift */,
			);
			path = ContactList;
			sourceTree = "<group>";
		};
		B776F73E2A68F819002E8363 /* ContactListCell */ = {
			isa = PBXGroup;
			children = (
				B776F73F2A68F849002E8363 /* ContactListCellTableViewCell.swift */,
				B776F7402A68F849002E8363 /* ContactListCellTableViewCell.xib */,
			);
			path = ContactListCell;
			sourceTree = "<group>";
		};
		B78761C32A6DBF1B00C0681C /* MockData */ = {
			isa = PBXGroup;
			children = (
				B78761C42A6DBF6700C0681C /* MckinleyRiceMockData.swift */,
			);
			path = MockData;
			sourceTree = "<group>";
		};
/* End PBXGroup section */

/* Begin PBXNativeTarget section */
		B776F6E12A68D87B002E8363 /* McKinleyRice */ = {
			isa = PBXNativeTarget;
			buildConfigurationList = B776F70C2A68D87C002E8363 /* Build configuration list for PBXNativeTarget "McKinleyRice" */;
			buildPhases = (
				B776F6DE2A68D87B002E8363 /* Sources */,
				B776F6DF2A68D87B002E8363 /* Frameworks */,
				B776F6E02A68D87B002E8363 /* Resources */,
			);
			buildRules = (
			);
			dependencies = (
			);
			name = McKinleyRice;
			productName = McKinleyRice;
			productReference = B776F6E22A68D87B002E8363 /* McKinleyRice.app */;
			productType = "com.apple.product-type.application";
		};
		B776F6F72A68D87C002E8363 /* McKinleyRiceTests */ = {
			isa = PBXNativeTarget;
			buildConfigurationList = B776F70F2A68D87C002E8363 /* Build configuration list for PBXNativeTarget "McKinleyRiceTests" */;
			buildPhases = (
				B776F6F42A68D87C002E8363 /* Sources */,
				B776F6F52A68D87C002E8363 /* Frameworks */,
				B776F6F62A68D87C002E8363 /* Resources */,
			);
			buildRules = (
			);
			dependencies = (
				B776F6FA2A68D87C002E8363 /* PBXTargetDependency */,
			);
			name = McKinleyRiceTests;
			productName = McKinleyRiceTests;
			productReference = B776F6F82A68D87C002E8363 /* McKinleyRiceTests.xctest */;
			productType = "com.apple.product-type.bundle.unit-test";
		};
		B776F7012A68D87C002E8363 /* McKinleyRiceUITests */ = {
			isa = PBXNativeTarget;
			buildConfigurationList = B776F7122A68D87C002E8363 /* Build configuration list for PBXNativeTarget "McKinleyRiceUITests" */;
			buildPhases = (
				B776F6FE2A68D87C002E8363 /* Sources */,
				B776F6FF2A68D87C002E8363 /* Frameworks */,
				B776F7002A68D87C002E8363 /* Resources */,
			);
			buildRules = (
			);
			dependencies = (
				B776F7042A68D87C002E8363 /* PBXTargetDependency */,
			);
			name = McKinleyRiceUITests;
			productName = McKinleyRiceUITests;
			productReference = B776F7022A68D87C002E8363 /* McKinleyRiceUITests.xctest */;
			productType = "com.apple.product-type.bundle.ui-testing";
		};
/* End PBXNativeTarget section */

/* Begin PBXProject section */
		B776F6DA2A68D87B002E8363 /* Project object */ = {
			isa = PBXProject;
			attributes = {
				BuildIndependentTargetsInParallel = 1;
				LastSwiftUpdateCheck = 1420;
				LastUpgradeCheck = 1420;
				TargetAttributes = {
					B776F6E12A68D87B002E8363 = {
						CreatedOnToolsVersion = 14.2;
					};
					B776F6F72A68D87C002E8363 = {
						CreatedOnToolsVersion = 14.2;
						TestTargetID = B776F6E12A68D87B002E8363;
					};
					B776F7012A68D87C002E8363 = {
						CreatedOnToolsVersion = 14.2;
						TestTargetID = B776F6E12A68D87B002E8363;
					};
				};
			};
			buildConfigurationList = B776F6DD2A68D87B002E8363 /* Build configuration list for PBXProject "McKinleyRice" */;
			compatibilityVersion = "Xcode 14.0";
			developmentRegion = en;
			hasScannedForEncodings = 0;
			knownRegions = (
				en,
				Base,
			);
			mainGroup = B776F6D92A68D87B002E8363;
			productRefGroup = B776F6E32A68D87B002E8363 /* Products */;
			projectDirPath = "";
			projectRoot = "";
			targets = (
				B776F6E12A68D87B002E8363 /* McKinleyRice */,
				B776F6F72A68D87C002E8363 /* McKinleyRiceTests */,
				B776F7012A68D87C002E8363 /* McKinleyRiceUITests */,
			);
		};
/* End PBXProject section */

/* Begin PBXResourcesBuildPhase section */
		B776F6E02A68D87B002E8363 /* Resources */ = {
			isa = PBXResourcesBuildPhase;
			buildActionMask = 2147483647;
			files = (
				B776F7422A68F849002E8363 /* ContactListCellTableViewCell.xib in Resources */,
				B776F6F22A68D87C002E8363 /* LaunchScreen.storyboard in Resources */,
				B776F6EF2A68D87C002E8363 /* Assets.xcassets in Resources */,
				B776F6ED2A68D87B002E8363 /* Main.storyboard in Resources */,
			);
			runOnlyForDeploymentPostprocessing = 0;
		};
		B776F6F62A68D87C002E8363 /* Resources */ = {
			isa = PBXResourcesBuildPhase;
			buildActionMask = 2147483647;
			files = (
			);
			runOnlyForDeploymentPostprocessing = 0;
		};
		B776F7002A68D87C002E8363 /* Resources */ = {
			isa = PBXResourcesBuildPhase;
			buildActionMask = 2147483647;
			files = (
			);
			runOnlyForDeploymentPostprocessing = 0;
		};
/* End PBXResourcesBuildPhase section */

/* Begin PBXSourcesBuildPhase section */
		B776F6DE2A68D87B002E8363 /* Sources */ = {
			isa = PBXSourcesBuildPhase;
			buildActionMask = 2147483647;
			files = (
				B776F7412A68F849002E8363 /* ContactListCellTableViewCell.swift in Sources */,
				B776F7462A68F8DF002E8363 /* ContactListPresenter.swift in Sources */,
				B776F73A2A68EBC4002E8363 /* RegisterModels.swift in Sources */,
				B776F71C2A68DA71002E8363 /* LoginPresenter.swift in Sources */,
				B776F7262A68E2BD002E8363 /* NetworkManager.swift in Sources */,
				B776F7182A68D9A2002E8363 /* LoginViewController.swift in Sources */,
				B776F7282A68E31F002E8363 /* APIManager.swift in Sources */,
				B776F71E2A68DAB5002E8363 /* LoginModels.swift in Sources */,
				B776F7482A68F8EE002E8363 /* ContactListModels.swift in Sources */,
				B776F74C2A68FBA8002E8363 /* ImageCache.swift in Sources */,
				B776F7342A68EBA7002E8363 /* RegisterInteractor.swift in Sources */,
				B776F74A2A68F8FE002E8363 /* ContactListRouter.swift in Sources */,
				B776F6EA2A68D87B002E8363 /* ViewController.swift in Sources */,
				B776F72F2A68E860002E8363 /* UIViewController+McKinleyRiceAlert.swift in Sources */,
				B776F6E62A68D87B002E8363 /* AppDelegate.swift in Sources */,
				B776F7522A6906D1002E8363 /* ValidationManager.swift in Sources */,
				B776F7502A6905DF002E8363 /* AppConstant.swift in Sources */,
				B776F73D2A68F7E8002E8363 /* ContactListViewController.swift in Sources */,
				B776F7322A68EB5F002E8363 /* RegisterViewController.swift in Sources */,
				B776F71A2A68DA23002E8363 /* LoginInteractor.swift in Sources */,
				B776F7202A68DACD002E8363 /* LoginRouter.swift in Sources */,
				B776F7382A68EBBB002E8363 /* RegisterRouter.swift in Sources */,
				B776F7442A68F8A6002E8363 /* ContactListInteractor.swift in Sources */,
				B776F6E82A68D87B002E8363 /* SceneDelegate.swift in Sources */,
				B776F7362A68EBB3002E8363 /* RegisterPresenter.swift in Sources */,
			);
			runOnlyForDeploymentPostprocessing = 0;
		};
		B776F6F42A68D87C002E8363 /* Sources */ = {
			isa = PBXSourcesBuildPhase;
			buildActionMask = 2147483647;
			files = (
				B78761BE2A6DADBC00C0681C /* LoginInteractorTests.swift in Sources */,
				B78761C52A6DBF6700C0681C /* MckinleyRiceMockData.swift in Sources */,
				B776F6FD2A68D87C002E8363 /* McKinleyRiceTests.swift in Sources */,
				B78761C22A6DBCC200C0681C /* ContactListInteractorTests.swift in Sources */,
				B78761C02A6DB86C00C0681C /* RegisterInteractorTests.swift in Sources */,
			);
			runOnlyForDeploymentPostprocessing = 0;
		};
		B776F6FE2A68D87C002E8363 /* Sources */ = {
			isa = PBXSourcesBuildPhase;
			buildActionMask = 2147483647;
			files = (
				B776F7072A68D87C002E8363 /* McKinleyRiceUITests.swift in Sources */,
				B776F7092A68D87C002E8363 /* McKinleyRiceUITestsLaunchTests.swift in Sources */,
			);
			runOnlyForDeploymentPostprocessing = 0;
		};
/* End PBXSourcesBuildPhase section */

/* Begin PBXTargetDependency section */
		B776F6FA2A68D87C002E8363 /* PBXTargetDependency */ = {
			isa = PBXTargetDependency;
			target = B776F6E12A68D87B002E8363 /* McKinleyRice */;
			targetProxy = B776F6F92A68D87C002E8363 /* PBXContainerItemProxy */;
		};
		B776F7042A68D87C002E8363 /* PBXTargetDependency */ = {
			isa = PBXTargetDependency;
			target = B776F6E12A68D87B002E8363 /* McKinleyRice */;
			targetProxy = B776F7032A68D87C002E8363 /* PBXContainerItemProxy */;
		};
/* End PBXTargetDependency section */

/* Begin PBXVariantGroup section */
		B776F6EB2A68D87B002E8363 /* Main.storyboard */ = {
			isa = PBXVariantGroup;
			children = (
				B776F6EC2A68D87B002E8363 /* Base */,
			);
			name = Main.storyboard;
			sourceTree = "<group>";
		};
		B776F6F02A68D87C002E8363 /* LaunchScreen.storyboard */ = {
			isa = PBXVariantGroup;
			children = (
				B776F6F12A68D87C002E8363 /* Base */,
			);
			name = LaunchScreen.storyboard;
			sourceTree = "<group>";
		};
/* End PBXVariantGroup section */

/* Begin XCBuildConfiguration section */
		B776F70A2A68D87C002E8363 /* Debug */ = {
			isa = XCBuildConfiguration;
			buildSettings = {
				ALWAYS_SEARCH_USER_PATHS = NO;
				CLANG_ANALYZER_NONNULL = YES;
				CLANG_ANALYZER_NUMBER_OBJECT_CONVERSION = YES_AGGRESSIVE;
				CLANG_CXX_LANGUAGE_STANDARD = "gnu++20";
				CLANG_ENABLE_MODULES = YES;
				CLANG_ENABLE_OBJC_ARC = YES;
				CLANG_ENABLE_OBJC_WEAK = YES;
				CLANG_WARN_BLOCK_CAPTURE_AUTORELEASING = YES;
				CLANG_WARN_BOOL_CONVERSION = YES;
				CLANG_WARN_COMMA = YES;
				CLANG_WARN_CONSTANT_CONVERSION = YES;
				CLANG_WARN_DEPRECATED_OBJC_IMPLEMENTATIONS = YES;
				CLANG_WARN_DIRECT_OBJC_ISA_USAGE = YES_ERROR;
				CLANG_WARN_DOCUMENTATION_COMMENTS = YES;
				CLANG_WARN_EMPTY_BODY = YES;
				CLANG_WARN_ENUM_CONVERSION = YES;
				CLANG_WARN_INFINITE_RECURSION = YES;
				CLANG_WARN_INT_CONVERSION = YES;
				CLANG_WARN_NON_LITERAL_NULL_CONVERSION = YES;
				CLANG_WARN_OBJC_IMPLICIT_RETAIN_SELF = YES;
				CLANG_WARN_OBJC_LITERAL_CONVERSION = YES;
				CLANG_WARN_OBJC_ROOT_CLASS = YES_ERROR;
				CLANG_WARN_QUOTED_INCLUDE_IN_FRAMEWORK_HEADER = YES;
				CLANG_WARN_RANGE_LOOP_ANALYSIS = YES;
				CLANG_WARN_STRICT_PROTOTYPES = YES;
				CLANG_WARN_SUSPICIOUS_MOVE = YES;
				CLANG_WARN_UNGUARDED_AVAILABILITY = YES_AGGRESSIVE;
				CLANG_WARN_UNREACHABLE_CODE = YES;
				CLANG_WARN__DUPLICATE_METHOD_MATCH = YES;
				COPY_PHASE_STRIP = NO;
				DEBUG_INFORMATION_FORMAT = dwarf;
				ENABLE_STRICT_OBJC_MSGSEND = YES;
				ENABLE_TESTABILITY = YES;
				GCC_C_LANGUAGE_STANDARD = gnu11;
				GCC_DYNAMIC_NO_PIC = NO;
				GCC_NO_COMMON_BLOCKS = YES;
				GCC_OPTIMIZATION_LEVEL = 0;
				GCC_PREPROCESSOR_DEFINITIONS = (
					"DEBUG=1",
					"$(inherited)",
				);
				GCC_WARN_64_TO_32_BIT_CONVERSION = YES;
				GCC_WARN_ABOUT_RETURN_TYPE = YES_ERROR;
				GCC_WARN_UNDECLARED_SELECTOR = YES;
				GCC_WARN_UNINITIALIZED_AUTOS = YES_AGGRESSIVE;
				GCC_WARN_UNUSED_FUNCTION = YES;
				GCC_WARN_UNUSED_VARIABLE = YES;
				IPHONEOS_DEPLOYMENT_TARGET = 16.2;
				MTL_ENABLE_DEBUG_INFO = INCLUDE_SOURCE;
				MTL_FAST_MATH = YES;
				ONLY_ACTIVE_ARCH = YES;
				SDKROOT = iphoneos;
				SWIFT_ACTIVE_COMPILATION_CONDITIONS = DEBUG;
				SWIFT_OPTIMIZATION_LEVEL = "-Onone";
			};
			name = Debug;
		};
		B776F70B2A68D87C002E8363 /* Release */ = {
			isa = XCBuildConfiguration;
			buildSettings = {
				ALWAYS_SEARCH_USER_PATHS = NO;
				CLANG_ANALYZER_NONNULL = YES;
				CLANG_ANALYZER_NUMBER_OBJECT_CONVERSION = YES_AGGRESSIVE;
				CLANG_CXX_LANGUAGE_STANDARD = "gnu++20";
				CLANG_ENABLE_MODULES = YES;
				CLANG_ENABLE_OBJC_ARC = YES;
				CLANG_ENABLE_OBJC_WEAK = YES;
				CLANG_WARN_BLOCK_CAPTURE_AUTORELEASING = YES;
				CLANG_WARN_BOOL_CONVERSION = YES;
				CLANG_WARN_COMMA = YES;
				CLANG_WARN_CONSTANT_CONVERSION = YES;
				CLANG_WARN_DEPRECATED_OBJC_IMPLEMENTATIONS = YES;
				CLANG_WARN_DIRECT_OBJC_ISA_USAGE = YES_ERROR;
				CLANG_WARN_DOCUMENTATION_COMMENTS = YES;
				CLANG_WARN_EMPTY_BODY = YES;
				CLANG_WARN_ENUM_CONVERSION = YES;
				CLANG_WARN_INFINITE_RECURSION = YES;
				CLANG_WARN_INT_CONVERSION = YES;
				CLANG_WARN_NON_LITERAL_NULL_CONVERSION = YES;
				CLANG_WARN_OBJC_IMPLICIT_RETAIN_SELF = YES;
				CLANG_WARN_OBJC_LITERAL_CONVERSION = YES;
				CLANG_WARN_OBJC_ROOT_CLASS = YES_ERROR;
				CLANG_WARN_QUOTED_INCLUDE_IN_FRAMEWORK_HEADER = YES;
				CLANG_WARN_RANGE_LOOP_ANALYSIS = YES;
				CLANG_WARN_STRICT_PROTOTYPES = YES;
				CLANG_WARN_SUSPICIOUS_MOVE = YES;
				CLANG_WARN_UNGUARDED_AVAILABILITY = YES_AGGRESSIVE;
				CLANG_WARN_UNREACHABLE_CODE = YES;
				CLANG_WARN__DUPLICATE_METHOD_MATCH = YES;
				COPY_PHASE_STRIP = NO;
				DEBUG_INFORMATION_FORMAT = "dwarf-with-dsym";
				ENABLE_NS_ASSERTIONS = NO;
				ENABLE_STRICT_OBJC_MSGSEND = YES;
				GCC_C_LANGUAGE_STANDARD = gnu11;
				GCC_NO_COMMON_BLOCKS = YES;
				GCC_WARN_64_TO_32_BIT_CONVERSION = YES;
				GCC_WARN_ABOUT_RETURN_TYPE = YES_ERROR;
				GCC_WARN_UNDECLARED_SELECTOR = YES;
				GCC_WARN_UNINITIALIZED_AUTOS = YES_AGGRESSIVE;
				GCC_WARN_UNUSED_FUNCTION = YES;
				GCC_WARN_UNUSED_VARIABLE = YES;
				IPHONEOS_DEPLOYMENT_TARGET = 16.2;
				MTL_ENABLE_DEBUG_INFO = NO;
				MTL_FAST_MATH = YES;
				SDKROOT = iphoneos;
				SWIFT_COMPILATION_MODE = wholemodule;
				SWIFT_OPTIMIZATION_LEVEL = "-O";
				VALIDATE_PRODUCT = YES;
			};
			name = Release;
		};
		B776F70D2A68D87C002E8363 /* Debug */ = {
			isa = XCBuildConfiguration;
			buildSettings = {
				ASSETCATALOG_COMPILER_APPICON_NAME = AppIcon;
				ASSETCATALOG_COMPILER_GLOBAL_ACCENT_COLOR_NAME = AccentColor;
				CODE_SIGN_STYLE = Automatic;
				CURRENT_PROJECT_VERSION = 1;
				GENERATE_INFOPLIST_FILE = YES;
				INFOPLIST_FILE = McKinleyRice/Info.plist;
				INFOPLIST_KEY_UIApplicationSupportsIndirectInputEvents = YES;
				INFOPLIST_KEY_UILaunchStoryboardName = LaunchScreen;
				INFOPLIST_KEY_UIMainStoryboardFile = Main;
				INFOPLIST_KEY_UISupportedInterfaceOrientations_iPad = "UIInterfaceOrientationPortrait UIInterfaceOrientationPortraitUpsideDown UIInterfaceOrientationLandscapeLeft UIInterfaceOrientationLandscapeRight";
				INFOPLIST_KEY_UISupportedInterfaceOrientations_iPhone = "UIInterfaceOrientationPortrait UIInterfaceOrientationLandscapeLeft UIInterfaceOrientationLandscapeRight";
				LD_RUNPATH_SEARCH_PATHS = (
					"$(inherited)",
					"@executable_path/Frameworks",
				);
				MARKETING_VERSION = 1.0;
				PRODUCT_BUNDLE_IDENTIFIER = Rahul.abc.McKinleyRice;
				PRODUCT_NAME = "$(TARGET_NAME)";
				SWIFT_EMIT_LOC_STRINGS = YES;
				SWIFT_VERSION = 5.0;
				TARGETED_DEVICE_FAMILY = "1,2";
			};
			name = Debug;
		};
		B776F70E2A68D87C002E8363 /* Release */ = {
			isa = XCBuildConfiguration;
			buildSettings = {
				ASSETCATALOG_COMPILER_APPICON_NAME = AppIcon;
				ASSETCATALOG_COMPILER_GLOBAL_ACCENT_COLOR_NAME = AccentColor;
				CODE_SIGN_STYLE = Automatic;
				CURRENT_PROJECT_VERSION = 1;
				GENERATE_INFOPLIST_FILE = YES;
				INFOPLIST_FILE = McKinleyRice/Info.plist;
				INFOPLIST_KEY_UIApplicationSupportsIndirectInputEvents = YES;
				INFOPLIST_KEY_UILaunchStoryboardName = LaunchScreen;
				INFOPLIST_KEY_UIMainStoryboardFile = Main;
				INFOPLIST_KEY_UISupportedInterfaceOrientations_iPad = "UIInterfaceOrientationPortrait UIInterfaceOrientationPortraitUpsideDown UIInterfaceOrientationLandscapeLeft UIInterfaceOrientationLandscapeRight";
				INFOPLIST_KEY_UISupportedInterfaceOrientations_iPhone = "UIInterfaceOrientationPortrait UIInterfaceOrientationLandscapeLeft UIInterfaceOrientationLandscapeRight";
				LD_RUNPATH_SEARCH_PATHS = (
					"$(inherited)",
					"@executable_path/Frameworks",
				);
				MARKETING_VERSION = 1.0;
				PRODUCT_BUNDLE_IDENTIFIER = Rahul.abc.McKinleyRice;
				PRODUCT_NAME = "$(TARGET_NAME)";
				SWIFT_EMIT_LOC_STRINGS = YES;
				SWIFT_VERSION = 5.0;
				TARGETED_DEVICE_FAMILY = "1,2";
			};
			name = Release;
		};
		B776F7102A68D87C002E8363 /* Debug */ = {
			isa = XCBuildConfiguration;
			buildSettings = {
				ALWAYS_EMBED_SWIFT_STANDARD_LIBRARIES = YES;
				BUNDLE_LOADER = "$(TEST_HOST)";
				CODE_SIGN_STYLE = Automatic;
				CURRENT_PROJECT_VERSION = 1;
				GENERATE_INFOPLIST_FILE = YES;
				IPHONEOS_DEPLOYMENT_TARGET = 16.2;
				MARKETING_VERSION = 1.0;
				PRODUCT_BUNDLE_IDENTIFIER = Rahul.abc.McKinleyRiceTests;
				PRODUCT_NAME = "$(TARGET_NAME)";
				SWIFT_EMIT_LOC_STRINGS = NO;
				SWIFT_VERSION = 5.0;
				TARGETED_DEVICE_FAMILY = "1,2";
				TEST_HOST = "$(BUILT_PRODUCTS_DIR)/McKinleyRice.app/$(BUNDLE_EXECUTABLE_FOLDER_PATH)/McKinleyRice";
			};
			name = Debug;
		};
		B776F7112A68D87C002E8363 /* Release */ = {
			isa = XCBuildConfiguration;
			buildSettings = {
				ALWAYS_EMBED_SWIFT_STANDARD_LIBRARIES = YES;
				BUNDLE_LOADER = "$(TEST_HOST)";
				CODE_SIGN_STYLE = Automatic;
				CURRENT_PROJECT_VERSION = 1;
				GENERATE_INFOPLIST_FILE = YES;
				IPHONEOS_DEPLOYMENT_TARGET = 16.2;
				MARKETING_VERSION = 1.0;
				PRODUCT_BUNDLE_IDENTIFIER = Rahul.abc.McKinleyRiceTests;
				PRODUCT_NAME = "$(TARGET_NAME)";
				SWIFT_EMIT_LOC_STRINGS = NO;
				SWIFT_VERSION = 5.0;
				TARGETED_DEVICE_FAMILY = "1,2";
				TEST_HOST = "$(BUILT_PRODUCTS_DIR)/McKinleyRice.app/$(BUNDLE_EXECUTABLE_FOLDER_PATH)/McKinleyRice";
			};
			name = Release;
		};
		B776F7132A68D87C002E8363 /* Debug */ = {
			isa = XCBuildConfiguration;
			buildSettings = {
				ALWAYS_EMBED_SWIFT_STANDARD_LIBRARIES = YES;
				CODE_SIGN_STYLE = Automatic;
				CURRENT_PROJECT_VERSION = 1;
				GENERATE_INFOPLIST_FILE = YES;
				MARKETING_VERSION = 1.0;
				PRODUCT_BUNDLE_IDENTIFIER = Rahul.abc.McKinleyRiceUITests;
				PRODUCT_NAME = "$(TARGET_NAME)";
				SWIFT_EMIT_LOC_STRINGS = NO;
				SWIFT_VERSION = 5.0;
				TARGETED_DEVICE_FAMILY = "1,2";
				TEST_TARGET_NAME = McKinleyRice;
			};
			name = Debug;
		};
		B776F7142A68D87C002E8363 /* Release */ = {
			isa = XCBuildConfiguration;
			buildSettings = {
				ALWAYS_EMBED_SWIFT_STANDARD_LIBRARIES = YES;
				CODE_SIGN_STYLE = Automatic;
				CURRENT_PROJECT_VERSION = 1;
				GENERATE_INFOPLIST_FILE = YES;
				MARKETING_VERSION = 1.0;
				PRODUCT_BUNDLE_IDENTIFIER = Rahul.abc.McKinleyRiceUITests;
				PRODUCT_NAME = "$(TARGET_NAME)";
				SWIFT_EMIT_LOC_STRINGS = NO;
				SWIFT_VERSION = 5.0;
				TARGETED_DEVICE_FAMILY = "1,2";
				TEST_TARGET_NAME = McKinleyRice;
			};
			name = Release;
		};
/* End XCBuildConfiguration section */

/* Begin XCConfigurationList section */
		B776F6DD2A68D87B002E8363 /* Build configuration list for PBXProject "McKinleyRice" */ = {
			isa = XCConfigurationList;
			buildConfigurations = (
				B776F70A2A68D87C002E8363 /* Debug */,
				B776F70B2A68D87C002E8363 /* Release */,
			);
			defaultConfigurationIsVisible = 0;
			defaultConfigurationName = Release;
		};
		B776F70C2A68D87C002E8363 /* Build configuration list for PBXNativeTarget "McKinleyRice" */ = {
			isa = XCConfigurationList;
			buildConfigurations = (
				B776F70D2A68D87C002E8363 /* Debug */,
				B776F70E2A68D87C002E8363 /* Release */,
			);
			defaultConfigurationIsVisible = 0;
			defaultConfigurationName = Release;
		};
		B776F70F2A68D87C002E8363 /* Build configuration list for PBXNativeTarget "McKinleyRiceTests" */ = {
			isa = XCConfigurationList;
			buildConfigurations = (
				B776F7102A68D87C002E8363 /* Debug */,
				B776F7112A68D87C002E8363 /* Release */,
			);
			defaultConfigurationIsVisible = 0;
			defaultConfigurationName = Release;
		};
		B776F7122A68D87C002E8363 /* Build configuration list for PBXNativeTarget "McKinleyRiceUITests" */ = {
			isa = XCConfigurationList;
			buildConfigurations = (
				B776F7132A68D87C002E8363 /* Debug */,
				B776F7142A68D87C002E8363 /* Release */,
			);
			defaultConfigurationIsVisible = 0;
			defaultConfigurationName = Release;
		};
/* End XCConfigurationList section */
	};
	rootObject = B776F6DA2A68D87B002E8363 /* Project object */;
}
